
Microsoft Visual Studio Solution File, Format Version 12.00
Project("{FAE04EC0-301F-11D3-BF4B-00C04F79EFBC}") = "API", "API\API.csproj", "{1F6A0C72-79D4-47AB-9687-5CF2CFCFAA57}"
EndProject
Project("{FAE04EC0-301F-11D3-BF4B-00C04F79EFBC}") = "Application", "Application\Application.csproj", "{CF3159AA-2629-465C-9485-63719F86F50A}"
EndProject
Project("{FAE04EC0-301F-11D3-BF4B-00C04F79EFBC}") = "Domain", "Domain\Domain.csproj", "{B3F5A663-F6A5-450A-AFA7-795A7EF2DE61}"
EndProject
Project("{FAE04EC0-301F-11D3-BF4B-00C04F79EFBC}") = "Persistence", "Persistence\Persistence.csproj", "{11986EF3-3ED2-4423-899A-D0F55B47FCAA}"
EndProject
Global
	GlobalSection(SolutionConfigurationPlatforms) = preSolution
		Debug|Any CPU = Debug|Any CPU
		Release|Any CPU = Release|Any CPU
	EndGlobalSection
	GlobalSection(ProjectConfigurationPlatforms) = postSolution
		{1F6A0C72-79D4-47AB-9687-5CF2CFCFAA57}.Debug|Any CPU.ActiveCfg = Debug|Any CPU
		{1F6A0C72-79D4-47AB-9687-5CF2CFCFAA57}.Debug|Any CPU.Build.0 = Debug|Any CPU
		{1F6A0C72-79D4-47AB-9687-5CF2CFCFAA57}.Release|Any CPU.ActiveCfg = Release|Any CPU
		{1F6A0C72-79D4-47AB-9687-5CF2CFCFAA57}.Release|Any CPU.Build.0 = Release|Any CPU
		{CF3159AA-2629-465C-9485-63719F86F50A}.Debug|Any CPU.ActiveCfg = Debug|Any CPU
		{CF3159AA-2629-465C-9485-63719F86F50A}.Debug|Any CPU.Build.0 = Debug|Any CPU
		{CF3159AA-2629-465C-9485-63719F86F50A}.Release|Any CPU.ActiveCfg = Release|Any CPU
		{CF3159AA-2629-465C-9485-63719F86F50A}.Release|Any CPU.Build.0 = Release|Any CPU
		{B3F5A663-F6A5-450A-AFA7-795A7EF2DE61}.Debug|Any CPU.ActiveCfg = Debug|Any CPU
		{B3F5A663-F6A5-450A-AFA7-795A7EF2DE61}.Debug|Any CPU.Build.0 = Debug|Any CPU
		{B3F5A663-F6A5-450A-AFA7-795A7EF2DE61}.Release|Any CPU.ActiveCfg = Release|Any CPU
		{B3F5A663-F6A5-450A-AFA7-795A7EF2DE61}.Release|Any CPU.Build.0 = Release|Any CPU
		{11986EF3-3ED2-4423-899A-D0F55B47FCAA}.Debug|Any CPU.ActiveCfg = Debug|Any CPU
		{11986EF3-3ED2-4423-899A-D0F55B47FCAA}.Debug|Any CPU.Build.0 = Debug|Any CPU
		{11986EF3-3ED2-4423-899A-D0F55B47FCAA}.Release|Any CPU.ActiveCfg = Release|Any CPU
		{11986EF3-3ED2-4423-899A-D0F55B47FCAA}.Release|Any CPU.Build.0 = Release|Any CPU
	EndGlobalSection
EndGlobal
